// !$*UTF8*$!
{
	archiveVersion = 1;
	classes = {
	};
	objectVersion = 46;
	objects = {

/* Begin PBXBuildFile section */
		FAD99D4E165D80940050FACE /* dispatch.c in Sources */ = {isa = PBXBuildFile; fileRef = FAD99D4D165D80940050FACE /* dispatch.c */; };
		FAF7B307165C2D4A00C92BFF /* InfoPlist.strings in Resources */ = {isa = PBXBuildFile; fileRef = FAF7B305165C2D4A00C92BFF /* InfoPlist.strings */; };
		FAF7B309165C2D4A00C92BFF /* KernelConnexions.c in Sources */ = {isa = PBXBuildFile; fileRef = FAF7B308165C2D4A00C92BFF /* KernelConnexions.c */; };
		FAF7B321165C35BB00C92BFF /* Foundation.framework in Frameworks */ = {isa = PBXBuildFile; fileRef = FAF7B320165C35BB00C92BFF /* Foundation.framework */; };
		FAF7B324165C35BB00C92BFF /* main.m in Sources */ = {isa = PBXBuildFile; fileRef = FAF7B323165C35BB00C92BFF /* main.m */; };
		FAF7B328165C35BB00C92BFF /* ClientConnexions.1 in CopyFiles */ = {isa = PBXBuildFile; fileRef = FAF7B327165C35BB00C92BFF /* ClientConnexions.1 */; };
		FAF7B332165C3CEF00C92BFF /* control.c in Sources */ = {isa = PBXBuildFile; fileRef = FAF7B331165C3CEF00C92BFF /* control.c */; };
		FAF7B336165C3E3600C92BFF /* general.c in Sources */ = {isa = PBXBuildFile; fileRef = FAF7B335165C3E3600C92BFF /* general.c */; };
		FAF7B339165C3F2300C92BFF /* debug.c in Sources */ = {isa = PBXBuildFile; fileRef = FAF7B338165C3F2300C92BFF /* debug.c */; };
		FAF7B33C165C429800C92BFF /* connection.c in Sources */ = {isa = PBXBuildFile; fileRef = FAF7B33B165C429800C92BFF /* connection.c */; };
/* End PBXBuildFile section */

/* Begin PBXCopyFilesBuildPhase section */
		FAF7B31C165C35BB00C92BFF /* CopyFiles */ = {
			isa = PBXCopyFilesBuildPhase;
			buildActionMask = 2147483647;
			dstPath = /usr/share/man/man1/;
			dstSubfolderSpec = 0;
			files = (
				FAF7B328165C35BB00C92BFF /* ClientConnexions.1 in CopyFiles */,
			);
			runOnlyForDeploymentPostprocessing = 1;
		};
/* End PBXCopyFilesBuildPhase section */

/* Begin PBXFileReference section */
		FAD99D4D165D80940050FACE /* dispatch.c */ = {isa = PBXFileReference; fileEncoding = 4; lastKnownFileType = sourcecode.c.c; path = dispatch.c; sourceTree = "<group>"; };
		FAD99D50165D809C0050FACE /* dispatch.h */ = {isa = PBXFileReference; lastKnownFileType = sourcecode.c.h; path = dispatch.h; sourceTree = "<group>"; };
		FAF7B2FD165C2D4A00C92BFF /* KernelConnexions.kext */ = {isa = PBXFileReference; explicitFileType = wrapper.cfbundle; includeInIndex = 0; path = KernelConnexions.kext; sourceTree = BUILT_PRODUCTS_DIR; };
		FAF7B301165C2D4A00C92BFF /* Kernel.framework */ = {isa = PBXFileReference; lastKnownFileType = wrapper.framework; name = Kernel.framework; path = System/Library/Frameworks/Kernel.framework; sourceTree = SDKROOT; };
		FAF7B304165C2D4A00C92BFF /* KernelConnexions-Info.plist */ = {isa = PBXFileReference; lastKnownFileType = text.plist.xml; path = "KernelConnexions-Info.plist"; sourceTree = "<group>"; };
		FAF7B306165C2D4A00C92BFF /* en */ = {isa = PBXFileReference; lastKnownFileType = text.plist.strings; name = en; path = en.lproj/InfoPlist.strings; sourceTree = "<group>"; };
		FAF7B308165C2D4A00C92BFF /* KernelConnexions.c */ = {isa = PBXFileReference; lastKnownFileType = sourcecode.c.c; path = KernelConnexions.c; sourceTree = "<group>"; };
		FAF7B30A165C2D4A00C92BFF /* KernelConnexions-Prefix.pch */ = {isa = PBXFileReference; lastKnownFileType = sourcecode.c.h; path = "KernelConnexions-Prefix.pch"; sourceTree = "<group>"; };
		FAF7B31E165C35BB00C92BFF /* ClientConnexions */ = {isa = PBXFileReference; explicitFileType = "compiled.mach-o.executable"; includeInIndex = 0; path = ClientConnexions; sourceTree = BUILT_PRODUCTS_DIR; };
		FAF7B320165C35BB00C92BFF /* Foundation.framework */ = {isa = PBXFileReference; lastKnownFileType = wrapper.framework; name = Foundation.framework; path = System/Library/Frameworks/Foundation.framework; sourceTree = SDKROOT; };
		FAF7B323165C35BB00C92BFF /* main.m */ = {isa = PBXFileReference; lastKnownFileType = sourcecode.c.objc; path = main.m; sourceTree = "<group>"; };
		FAF7B326165C35BB00C92BFF /* ClientConnexions-Prefix.pch */ = {isa = PBXFileReference; lastKnownFileType = sourcecode.c.h; path = "ClientConnexions-Prefix.pch"; sourceTree = "<group>"; };
		FAF7B327165C35BB00C92BFF /* ClientConnexions.1 */ = {isa = PBXFileReference; lastKnownFileType = text.man; path = ClientConnexions.1; sourceTree = "<group>"; };
		FAF7B330165C3CE800C92BFF /* control.h */ = {isa = PBXFileReference; lastKnownFileType = sourcecode.c.h; path = control.h; sourceTree = "<group>"; };
		FAF7B331165C3CEF00C92BFF /* control.c */ = {isa = PBXFileReference; fileEncoding = 4; lastKnownFileType = sourcecode.c.c; path = control.c; sourceTree = "<group>"; };
		FAF7B333165C3D4D00C92BFF /* const.h */ = {isa = PBXFileReference; lastKnownFileType = sourcecode.c.h; path = const.h; sourceTree = "<group>"; };
		FAF7B334165C3DF700C92BFF /* general.h */ = {isa = PBXFileReference; lastKnownFileType = sourcecode.c.h; path = general.h; sourceTree = "<group>"; };
		FAF7B335165C3E3600C92BFF /* general.c */ = {isa = PBXFileReference; fileEncoding = 4; lastKnownFileType = sourcecode.c.c; path = general.c; sourceTree = "<group>"; };
		FAF7B337165C3F1F00C92BFF /* debug.h */ = {isa = PBXFileReference; lastKnownFileType = sourcecode.c.h; path = debug.h; sourceTree = "<group>"; };
		FAF7B338165C3F2300C92BFF /* debug.c */ = {isa = PBXFileReference; fileEncoding = 4; lastKnownFileType = sourcecode.c.c; path = debug.c; sourceTree = "<group>"; };
		FAF7B33A165C429000C92BFF /* connection.h */ = {isa = PBXFileReference; lastKnownFileType = sourcecode.c.h; path = connection.h; sourceTree = "<group>"; };
		FAF7B33B165C429800C92BFF /* connection.c */ = {isa = PBXFileReference; fileEncoding = 4; lastKnownFileType = sourcecode.c.c; path = connection.c; sourceTree = "<group>"; };
/* End PBXFileReference section */

/* Begin PBXFrameworksBuildPhase section */
		FAF7B2F8165C2D4A00C92BFF /* Frameworks */ = {
			isa = PBXFrameworksBuildPhase;
			buildActionMask = 2147483647;
			files = (
			);
			runOnlyForDeploymentPostprocessing = 0;
		};
		FAF7B31B165C35BB00C92BFF /* Frameworks */ = {
			isa = PBXFrameworksBuildPhase;
			buildActionMask = 2147483647;
			files = (
				FAF7B321165C35BB00C92BFF /* Foundation.framework in Frameworks */,
			);
			runOnlyForDeploymentPostprocessing = 0;
		};
/* End PBXFrameworksBuildPhase section */

/* Begin PBXGroup section */
		FAF7B2F0165C2D4A00C92BFF = {
			isa = PBXGroup;
			children = (
				FAF7B302165C2D4A00C92BFF /* KernelConnexions */,
				FAF7B322165C35BB00C92BFF /* ClientConnexions */,
				FAF7B2FF165C2D4A00C92BFF /* Frameworks */,
				FAF7B2FE165C2D4A00C92BFF /* Products */,
			);
			sourceTree = "<group>";
		};
		FAF7B2FE165C2D4A00C92BFF /* Products */ = {
			isa = PBXGroup;
			children = (
				FAF7B2FD165C2D4A00C92BFF /* KernelConnexions.kext */,
				FAF7B31E165C35BB00C92BFF /* ClientConnexions */,
			);
			name = Products;
			sourceTree = "<group>";
		};
		FAF7B2FF165C2D4A00C92BFF /* Frameworks */ = {
			isa = PBXGroup;
			children = (
				FAF7B320165C35BB00C92BFF /* Foundation.framework */,
				FAF7B300165C2D4A00C92BFF /* Other Frameworks */,
			);
			name = Frameworks;
			sourceTree = "<group>";
		};
		FAF7B300165C2D4A00C92BFF /* Other Frameworks */ = {
			isa = PBXGroup;
			children = (
				FAF7B301165C2D4A00C92BFF /* Kernel.framework */,
			);
			name = "Other Frameworks";
			sourceTree = "<group>";
		};
		FAF7B302165C2D4A00C92BFF /* KernelConnexions */ = {
			isa = PBXGroup;
			children = (
				FAF7B308165C2D4A00C92BFF /* KernelConnexions.c */,
				FAF7B333165C3D4D00C92BFF /* const.h */,
				FAF7B330165C3CE800C92BFF /* control.h */,
				FAF7B331165C3CEF00C92BFF /* control.c */,
				FAF7B334165C3DF700C92BFF /* general.h */,
				FAF7B335165C3E3600C92BFF /* general.c */,
				FAF7B337165C3F1F00C92BFF /* debug.h */,
				FAF7B338165C3F2300C92BFF /* debug.c */,
				FAF7B33A165C429000C92BFF /* connection.h */,
				FAF7B33B165C429800C92BFF /* connection.c */,
				FAD99D50165D809C0050FACE /* dispatch.h */,
				FAD99D4D165D80940050FACE /* dispatch.c */,
				FAF7B303165C2D4A00C92BFF /* Supporting Files */,
			);
			path = KernelConnexions;
			sourceTree = "<group>";
		};
		FAF7B303165C2D4A00C92BFF /* Supporting Files */ = {
			isa = PBXGroup;
			children = (
				FAF7B304165C2D4A00C92BFF /* KernelConnexions-Info.plist */,
				FAF7B305165C2D4A00C92BFF /* InfoPlist.strings */,
				FAF7B30A165C2D4A00C92BFF /* KernelConnexions-Prefix.pch */,
			);
			name = "Supporting Files";
			sourceTree = "<group>";
		};
		FAF7B322165C35BB00C92BFF /* ClientConnexions */ = {
			isa = PBXGroup;
			children = (
				FAF7B323165C35BB00C92BFF /* main.m */,
				FAF7B327165C35BB00C92BFF /* ClientConnexions.1 */,
				FAF7B325165C35BB00C92BFF /* Supporting Files */,
			);
			path = ClientConnexions;
			sourceTree = "<group>";
		};
		FAF7B325165C35BB00C92BFF /* Supporting Files */ = {
			isa = PBXGroup;
			children = (
				FAF7B326165C35BB00C92BFF /* ClientConnexions-Prefix.pch */,
			);
			name = "Supporting Files";
			sourceTree = "<group>";
		};
/* End PBXGroup section */

/* Begin PBXHeadersBuildPhase section */
		FAF7B2F9165C2D4A00C92BFF /* Headers */ = {
			isa = PBXHeadersBuildPhase;
			buildActionMask = 2147483647;
			files = (
			);
			runOnlyForDeploymentPostprocessing = 0;
		};
/* End PBXHeadersBuildPhase section */

/* Begin PBXNativeTarget section */
		FAF7B2FC165C2D4A00C92BFF /* KernelConnexions */ = {
			isa = PBXNativeTarget;
			buildConfigurationList = FAF7B30D165C2D4A00C92BFF /* Build configuration list for PBXNativeTarget "KernelConnexions" */;
			buildPhases = (
				FAF7B2F7165C2D4A00C92BFF /* Sources */,
				FAF7B2F8165C2D4A00C92BFF /* Frameworks */,
				FAF7B2F9165C2D4A00C92BFF /* Headers */,
				FAF7B2FA165C2D4A00C92BFF /* Resources */,
				FAF7B2FB165C2D4A00C92BFF /* Rez */,
			);
			buildRules = (
			);
			dependencies = (
			);
			name = KernelConnexions;
			productName = KernelConnexions;
			productReference = FAF7B2FD165C2D4A00C92BFF /* KernelConnexions.kext */;
			productType = "com.apple.product-type.kernel-extension";
		};
		FAF7B31D165C35BB00C92BFF /* ClientConnexions */ = {
			isa = PBXNativeTarget;
			buildConfigurationList = FAF7B32B165C35BB00C92BFF /* Build configuration list for PBXNativeTarget "ClientConnexions" */;
			buildPhases = (
				FAF7B31A165C35BB00C92BFF /* Sources */,
				FAF7B31B165C35BB00C92BFF /* Frameworks */,
				FAF7B31C165C35BB00C92BFF /* CopyFiles */,
			);
			buildRules = (
			);
			dependencies = (
			);
			name = ClientConnexions;
			productName = ClientConnexions;
			productReference = FAF7B31E165C35BB00C92BFF /* ClientConnexions */;
			productType = "com.apple.product-type.tool";
		};
/* End PBXNativeTarget section */

/* Begin PBXProject section */
		FAF7B2F2165C2D4A00C92BFF /* Project object */ = {
			isa = PBXProject;
			attributes = {
				LastUpgradeCheck = 0450;
				ORGANIZATIONNAME = "Alex Nichol";
			};
			buildConfigurationList = FAF7B2F5165C2D4A00C92BFF /* Build configuration list for PBXProject "KernelConnexions" */;
			compatibilityVersion = "Xcode 3.2";
			developmentRegion = English;
			hasScannedForEncodings = 0;
			knownRegions = (
				en,
			);
			mainGroup = FAF7B2F0165C2D4A00C92BFF;
			productRefGroup = FAF7B2FE165C2D4A00C92BFF /* Products */;
			projectDirPath = "";
			projectRoot = "";
			targets = (
				FAF7B2FC165C2D4A00C92BFF /* KernelConnexions */,
				FAF7B31D165C35BB00C92BFF /* ClientConnexions */,
			);
		};
/* End PBXProject section */

/* Begin PBXResourcesBuildPhase section */
		FAF7B2FA165C2D4A00C92BFF /* Resources */ = {
			isa = PBXResourcesBuildPhase;
			buildActionMask = 2147483647;
			files = (
				FAF7B307165C2D4A00C92BFF /* InfoPlist.strings in Resources */,
			);
			runOnlyForDeploymentPostprocessing = 0;
		};
/* End PBXResourcesBuildPhase section */

/* Begin PBXRezBuildPhase section */
		FAF7B2FB165C2D4A00C92BFF /* Rez */ = {
			isa = PBXRezBuildPhase;
			buildActionMask = 2147483647;
			files = (
			);
			runOnlyForDeploymentPostprocessing = 0;
		};
/* End PBXRezBuildPhase section */

/* Begin PBXSourcesBuildPhase section */
		FAF7B2F7165C2D4A00C92BFF /* Sources */ = {
			isa = PBXSourcesBuildPhase;
			buildActionMask = 2147483647;
			files = (
				FAF7B309165C2D4A00C92BFF /* KernelConnexions.c in Sources */,
				FAF7B332165C3CEF00C92BFF /* control.c in Sources */,
				FAF7B336165C3E3600C92BFF /* general.c in Sources */,
				FAF7B339165C3F2300C92BFF /* debug.c in Sources */,
				FAF7B33C165C429800C92BFF /* connection.c in Sources */,
				FAD99D4E165D80940050FACE /* dispatch.c in Sources */,
			);
			runOnlyForDeploymentPostprocessing = 0;
		};
		FAF7B31A165C35BB00C92BFF /* Sources */ = {
			isa = PBXSourcesBuildPhase;
			buildActionMask = 2147483647;
			files = (
				FAF7B324165C35BB00C92BFF /* main.m in Sources */,
			);
			runOnlyForDeploymentPostprocessing = 0;
		};
/* End PBXSourcesBuildPhase section */

/* Begin PBXVariantGroup section */
		FAF7B305165C2D4A00C92BFF /* InfoPlist.strings */ = {
			isa = PBXVariantGroup;
			children = (
				FAF7B306165C2D4A00C92BFF /* en */,
			);
			name = InfoPlist.strings;
			sourceTree = "<group>";
		};
/* End PBXVariantGroup section */

/* Begin XCBuildConfiguration section */
		FAF7B30B165C2D4A00C92BFF /* Debug */ = {
			isa = XCBuildConfiguration;
			buildSettings = {
				ALWAYS_SEARCH_USER_PATHS = NO;
				ARCHS = "$(ARCHS_STANDARD_64_BIT)";
				CLANG_CXX_LANGUAGE_STANDARD = "gnu++0x";
				CLANG_CXX_LIBRARY = "libc++";
				CLANG_WARN_EMPTY_BODY = YES;
				CLANG_WARN__DUPLICATE_METHOD_MATCH = YES;
				COPY_PHASE_STRIP = NO;
				GCC_C_LANGUAGE_STANDARD = gnu99;
				GCC_DYNAMIC_NO_PIC = NO;
				GCC_ENABLE_OBJC_EXCEPTIONS = YES;
				GCC_OPTIMIZATION_LEVEL = 0;
				GCC_PREPROCESSOR_DEFINITIONS = (
					"DEBUG=1",
					"$(inherited)",
				);
				GCC_SYMBOLS_PRIVATE_EXTERN = NO;
				GCC_WARN_64_TO_32_BIT_CONVERSION = YES;
				GCC_WARN_ABOUT_RETURN_TYPE = YES;
				GCC_WARN_UNINITIALIZED_AUTOS = YES;
				GCC_WARN_UNUSED_VARIABLE = YES;
				MACOSX_DEPLOYMENT_TARGET = 10.7;
				ONLY_ACTIVE_ARCH = YES;
				SDKROOT = macosx;
			};
			name = Debug;
		};
		FAF7B30C165C2D4A00C92BFF /* Release */ = {
			isa = XCBuildConfiguration;
			buildSettings = {
				ALWAYS_SEARCH_USER_PATHS = NO;
				ARCHS = "$(ARCHS_STANDARD_64_BIT)";
				CLANG_CXX_LANGUAGE_STANDARD = "gnu++0x";
				CLANG_CXX_LIBRARY = "libc++";
				CLANG_WARN_EMPTY_BODY = YES;
				CLANG_WARN__DUPLICATE_METHOD_MATCH = YES;
				COPY_PHASE_STRIP = YES;
				DEBUG_INFORMATION_FORMAT = "dwarf-with-dsym";
				GCC_C_LANGUAGE_STANDARD = gnu99;
				GCC_ENABLE_OBJC_EXCEPTIONS = YES;
				GCC_WARN_64_TO_32_BIT_CONVERSION = YES;
				GCC_WARN_ABOUT_RETURN_TYPE = YES;
				GCC_WARN_UNINITIALIZED_AUTOS = YES;
				GCC_WARN_UNUSED_VARIABLE = YES;
				MACOSX_DEPLOYMENT_TARGET = 10.7;
				SDKROOT = macosx;
			};
			name = Release;
		};
		FAF7B30E165C2D4A00C92BFF /* Debug */ = {
			isa = XCBuildConfiguration;
			buildSettings = {
				ARCHS = "$(ARCHS_STANDARD_64_BIT)";
				COMBINE_HIDPI_IMAGES = YES;
				GCC_PRECOMPILE_PREFIX_HEADER = YES;
				GCC_PREFIX_HEADER = "KernelConnexions/KernelConnexions-Prefix.pch";
				GCC_SYMBOLS_PRIVATE_EXTERN = NO;
				GCC_VERSION = com.apple.compilers.llvmgcc42;
				GCC_WARN_UNINITIALIZED_AUTOS = NO;
				INFOPLIST_FILE = "KernelConnexions/KernelConnexions-Info.plist";
				INSTALL_PATH = "$(SYSTEM_LIBRARY_DIR)/Extensions";
				MODULE_NAME = com.aqnichol.KernelConnexions;
				MODULE_START = KernelConnexions_start;
				MODULE_STOP = KernelConnexions_stop;
				MODULE_VERSION = 1.0.0d1;
				PRODUCT_NAME = "$(TARGET_NAME)";
				SDKROOT = macosx10.7;
				WRAPPER_EXTENSION = kext;
			};
			name = Debug;
		};
		FAF7B30F165C2D4A00C92BFF /* Release */ = {
			isa = XCBuildConfiguration;
			buildSettings = {
				ARCHS = "$(ARCHS_STANDARD_64_BIT)";
				COMBINE_HIDPI_IMAGES = YES;
				GCC_PRECOMPILE_PREFIX_HEADER = YES;
				GCC_PREFIX_HEADER = "KernelConnexions/KernelConnexions-Prefix.pch";
				GCC_SYMBOLS_PRIVATE_EXTERN = NO;
				GCC_VERSION = com.apple.compilers.llvmgcc42;
				GCC_WARN_UNINITIALIZED_AUTOS = NO;
				INFOPLIST_FILE = "KernelConnexions/KernelConnexions-Info.plist";
				INSTALL_PATH = "$(SYSTEM_LIBRARY_DIR)/Extensions";
				MODULE_NAME = com.aqnichol.KernelConnexions;
				MODULE_START = KernelConnexions_start;
				MODULE_STOP = KernelConnexions_stop;
				MODULE_VERSION = 1.0.0d1;
				PRODUCT_NAME = "$(TARGET_NAME)";
				SDKROOT = macosx10.7;
				WRAPPER_EXTENSION = kext;
			};
			name = Release;
		};
		FAF7B329165C35BB00C92BFF /* Debug */ = {
			isa = XCBuildConfiguration;
			buildSettings = {
				CLANG_ENABLE_OBJC_ARC = YES;
				GCC_PRECOMPILE_PREFIX_HEADER = YES;
				GCC_PREFIX_HEADER = "ClientConnexions/ClientConnexions-Prefix.pch";
				PRODUCT_NAME = "$(TARGET_NAME)";
				SDKROOT = macosx10.7;
			};
			name = Debug;
		};
		FAF7B32A165C35BB00C92BFF /* Release */ = {
			isa = XCBuildConfiguration;
			buildSettings = {
				CLANG_ENABLE_OBJC_ARC = YES;
				GCC_PRECOMPILE_PREFIX_HEADER = YES;
				GCC_PREFIX_HEADER = "ClientConnexions/ClientConnexions-Prefix.pch";
				PRODUCT_NAME = "$(TARGET_NAME)";
				SDKROOT = macosx10.7;
			};
			name = Release;
		};
/* End XCBuildConfiguration section */

/* Begin XCConfigurationList section */
		FAF7B2F5165C2D4A00C92BFF /* Build configuration list for PBXProject "KernelConnexions" */ = {
			isa = XCConfigurationList;
			buildConfigurations = (
				FAF7B30B165C2D4A00C92BFF /* Debug */,
				FAF7B30C165C2D4A00C92BFF /* Release */,
			);
			defaultConfigurationIsVisible = 0;
			defaultConfigurationName = Release;
		};
		FAF7B30D165C2D4A00C92BFF /* Build configuration list for PBXNativeTarget "KernelConnexions" */ = {
			isa = XCConfigurationList;
			buildConfigurations = (
				FAF7B30E165C2D4A00C92BFF /* Debug */,
				FAF7B30F165C2D4A00C92BFF /* Release */,
			);
			defaultConfigurationIsVisible = 0;
			defaultConfigurationName = Release;
		};
		FAF7B32B165C35BB00C92BFF /* Build configuration list for PBXNativeTarget "ClientConnexions" */ = {
			isa = XCConfigurationList;
			buildConfigurations = (
				FAF7B329165C35BB00C92BFF /* Debug */,
				FAF7B32A165C35BB00C92BFF /* Release */,
			);
			defaultConfigurationIsVisible = 0;
			defaultConfigurationName = Release;
		};
/* End XCConfigurationList section */
	};
	rootObject = FAF7B2F2165C2D4A00C92BFF /* Project object */;
}
